
Microsoft Visual Studio Solution File, Format Version 12.00
# Visual Studio 15
VisualStudioVersion = 15.0.26730.15
MinimumVisualStudioVersion = 10.0.40219.1
Project("{FAE04EC0-301F-11D3-BF4B-00C04F79EFBC}") = "Zadacha4-4", "Zadacha4-4\Zadacha4-4.csproj", "{1BD9022F-6E67-4F8E-A039-79BF23CB6A8E}"
EndProject
Global
	GlobalSection(SolutionConfigurationPlatforms) = preSolution
		Debug|Any CPU = Debug|Any CPU
		Release|Any CPU = Release|Any CPU
	EndGlobalSection
	GlobalSection(ProjectConfigurationPlatforms) = postSolution
		{1BD9022F-6E67-4F8E-A039-79BF23CB6A8E}.Debug|Any CPU.ActiveCfg = Debug|Any CPU
		{1BD9022F-6E67-4F8E-A039-79BF23CB6A8E}.Debug|Any CPU.Build.0 = Debug|Any CPU
		{1BD9022F-6E67-4F8E-A039-79BF23CB6A8E}.Release|Any CPU.ActiveCfg = Release|Any CPU
		{1BD9022F-6E67-4F8E-A039-79BF23CB6A8E}.Release|Any CPU.Build.0 = Release|Any CPU
	EndGlobalSection
	GlobalSection(SolutionProperties) = preSolution
		HideSolutionNode = FALSE
	EndGlobalSection
	GlobalSection(ExtensibilityGlobals) = postSolution
		SolutionGuid = {3E2A29E5-3EB7-4150-ABCD-DDB35CC2E7D0}
	EndGlobalSection
EndGlobal
